// !$*UTF8*$!
{
	archiveVersion = 1;
	classes = {
	};
	objectVersion = 55;
	objects = {

/* Begin PBXBuildFile section */
		F40E50FA27D87EF100351BCA /* FlagsExtension.swift in Sources */ = {isa = PBXBuildFile; fileRef = F40E509927D87EF000351BCA /* FlagsExtension.swift */; };
		F40E50FB27D87EF100351BCA /* ConstantsExtension.swift in Sources */ = {isa = PBXBuildFile; fileRef = F40E509A27D87EF000351BCA /* ConstantsExtension.swift */; };
		F40E50FC27D87EF100351BCA /* Texts+App.swift in Sources */ = {isa = PBXBuildFile; fileRef = F40E509C27D87EF000351BCA /* Texts+App.swift */; };
		F40E50FE27D87EF100351BCA /* Images.swift in Sources */ = {isa = PBXBuildFile; fileRef = F40E509E27D87EF000351BCA /* Images.swift */; };
		F40E50FF27D87EF100351BCA /* Presenter+App.swift in Sources */ = {isa = PBXBuildFile; fileRef = F40E50A227D87EF000351BCA /* Presenter+App.swift */; };
		F40E510027D87EF100351BCA /* Presenter.swift in Sources */ = {isa = PBXBuildFile; fileRef = F40E50A327D87EF000351BCA /* Presenter.swift */; };
		F40E510227D87EF100351BCA /* Navigation+Cache.swift in Sources */ = {isa = PBXBuildFile; fileRef = F40E50A627D87EF000351BCA /* Navigation+Cache.swift */; };
		F40E510327D87EF100351BCA /* Navigation.swift in Sources */ = {isa = PBXBuildFile; fileRef = F40E50A727D87EF000351BCA /* Navigation.swift */; };
		F40E510427D87EF100351BCA /* BarRowModel.swift in Sources */ = {isa = PBXBuildFile; fileRef = F40E50A927D87EF000351BCA /* BarRowModel.swift */; };
		F40E510527D87EF100351BCA /* BarSectionModel.swift in Sources */ = {isa = PBXBuildFile; fileRef = F40E50AA27D87EF000351BCA /* BarSectionModel.swift */; };
		F40E510627D87EF100351BCA /* BarUsage.swift in Sources */ = {isa = PBXBuildFile; fileRef = F40E50AB27D87EF000351BCA /* BarUsage.swift */; };
		F40E510727D87EF100351BCA /* Controllers.swift in Sources */ = {isa = PBXBuildFile; fileRef = F40E50AD27D87EF000351BCA /* Controllers.swift */; };
		F40E510827D87EF100351BCA /* AlertService.swift in Sources */ = {isa = PBXBuildFile; fileRef = F40E50AE27D87EF000351BCA /* AlertService.swift */; };
		F40E510A27D87EF100351BCA /* AudioService.swift in Sources */ = {isa = PBXBuildFile; fileRef = F40E50B027D87EF000351BCA /* AudioService.swift */; };
		F40E510B27D87EF100351BCA /* UserSettings.swift in Sources */ = {isa = PBXBuildFile; fileRef = F40E50B127D87EF000351BCA /* UserSettings.swift */; };
		F40E510C27D87EF100351BCA /* Layout.swift in Sources */ = {isa = PBXBuildFile; fileRef = F40E50B427D87EF100351BCA /* Layout.swift */; };
		F40E511027D87EF100351BCA /* VerticalContentScrollController.swift in Sources */ = {isa = PBXBuildFile; fileRef = F40E50B927D87EF100351BCA /* VerticalContentScrollController.swift */; };
		F40E511127D87EF100351BCA /* RootSceneDelegate.swift in Sources */ = {isa = PBXBuildFile; fileRef = F40E50BC27D87EF100351BCA /* RootSceneDelegate.swift */; };
		F40E511227D87EF100351BCA /* BaseSceneDelegate.swift in Sources */ = {isa = PBXBuildFile; fileRef = F40E50BD27D87EF100351BCA /* BaseSceneDelegate.swift */; };
		F40E511327D87EF100351BCA /* SettingsSceneDelegate.swift in Sources */ = {isa = PBXBuildFile; fileRef = F40E50BE27D87EF100351BCA /* SettingsSceneDelegate.swift */; };
		F40E511427D87EF100351BCA /* UISceneConfiguration+Scene.swift in Sources */ = {isa = PBXBuildFile; fileRef = F40E50BF27D87EF100351BCA /* UISceneConfiguration+Scene.swift */; };
		F40E511527D87EF100351BCA /* Notifications.swift in Sources */ = {isa = PBXBuildFile; fileRef = F40E50C027D87EF100351BCA /* Notifications.swift */; };
		F40E511627D87EF100351BCA /* SceneUserActivity.swift in Sources */ = {isa = PBXBuildFile; fileRef = F40E50C127D87EF100351BCA /* SceneUserActivity.swift */; };
		F40E511727D87EF100351BCA /* AppDelegate.swift in Sources */ = {isa = PBXBuildFile; fileRef = F40E50C227D87EF100351BCA /* AppDelegate.swift */; };
		F40E511827D87EF100351BCA /* SettingsController.swift in Sources */ = {isa = PBXBuildFile; fileRef = F40E50C627D87EF100351BCA /* SettingsController.swift */; };
		F40E512027D87EF100351BCA /* SideBarSplitController.swift in Sources */ = {isa = PBXBuildFile; fileRef = F40E50D227D87EF100351BCA /* SideBarSplitController.swift */; };
		F40E512127D87EF100351BCA /* TabBarController.swift in Sources */ = {isa = PBXBuildFile; fileRef = F40E50D327D87EF100351BCA /* TabBarController.swift */; };
		F40E512227D87EF100351BCA /* SidebarController.swift in Sources */ = {isa = PBXBuildFile; fileRef = F40E50D427D87EF100351BCA /* SidebarController.swift */; };
		F40E513927D87EF100351BCA /* ViewHeaderDiffableItem.swift in Sources */ = {isa = PBXBuildFile; fileRef = F40E50F427D87EF100351BCA /* ViewHeaderDiffableItem.swift */; };
		F40E513A27D87EF100351BCA /* CellProvider+Views.swift in Sources */ = {isa = PBXBuildFile; fileRef = F40E50F527D87EF100351BCA /* CellProvider+Views.swift */; };
		F40E513B27D87EF100351BCA /* ViewsHomeController.swift in Sources */ = {isa = PBXBuildFile; fileRef = F40E50F627D87EF100351BCA /* ViewsHomeController.swift */; };
		F40E513C27D87EF100351BCA /* ViewHeaderTableCell.swift in Sources */ = {isa = PBXBuildFile; fileRef = F40E50F727D87EF100351BCA /* ViewHeaderTableCell.swift */; };
		F40E514127D87F3E00351BCA /* Media.xcassets in Resources */ = {isa = PBXBuildFile; fileRef = F40E514027D87F3E00351BCA /* Media.xcassets */; };
		F40E514327D8822500351BCA /* LaunchScreen.storyboard in Resources */ = {isa = PBXBuildFile; fileRef = F40E514227D8822500351BCA /* LaunchScreen.storyboard */; };
		F40E514727D8823700351BCA /* InfoPlist.strings in Resources */ = {isa = PBXBuildFile; fileRef = F40E514927D8823700351BCA /* InfoPlist.strings */; };
		F40E514C27D8824100351BCA /* Localizable.strings in Resources */ = {isa = PBXBuildFile; fileRef = F40E514E27D8824100351BCA /* Localizable.strings */; };
		F4A2E2EF27E9B911000B67EA /* AppImport in Frameworks */ = {isa = PBXBuildFile; productRef = F4A2E2EE27E9B911000B67EA /* AppImport */; };
		F4A2E2F127E9B911000B67EA /* Logic in Frameworks */ = {isa = PBXBuildFile; productRef = F4A2E2F027E9B911000B67EA /* Logic */; };
		F4FE3B2127E9BAF100E6E0CD /* GoogleService-Info.plist in Resources */ = {isa = PBXBuildFile; fileRef = F4FE3B2027E9BAF100E6E0CD /* GoogleService-Info.plist */; };
/* End PBXBuildFile section */

/* Begin PBXFileReference section */
		F40E507527D87B4400351BCA /* Layout.app */ = {isa = PBXFileReference; explicitFileType = wrapper.application; includeInIndex = 0; path = Layout.app; sourceTree = BUILT_PRODUCTS_DIR; };
		F40E509727D87EF000351BCA /* Info.plist */ = {isa = PBXFileReference; fileEncoding = 4; lastKnownFileType = text.plist.xml; path = Info.plist; sourceTree = "<group>"; };
		F40E509927D87EF000351BCA /* FlagsExtension.swift */ = {isa = PBXFileReference; fileEncoding = 4; lastKnownFileType = sourcecode.swift; path = FlagsExtension.swift; sourceTree = "<group>"; };
		F40E509A27D87EF000351BCA /* ConstantsExtension.swift */ = {isa = PBXFileReference; fileEncoding = 4; lastKnownFileType = sourcecode.swift; path = ConstantsExtension.swift; sourceTree = "<group>"; };
		F40E509C27D87EF000351BCA /* Texts+App.swift */ = {isa = PBXFileReference; fileEncoding = 4; lastKnownFileType = sourcecode.swift; path = "Texts+App.swift"; sourceTree = "<group>"; };
		F40E509E27D87EF000351BCA /* Images.swift */ = {isa = PBXFileReference; fileEncoding = 4; lastKnownFileType = sourcecode.swift; path = Images.swift; sourceTree = "<group>"; };
		F40E50A227D87EF000351BCA /* Presenter+App.swift */ = {isa = PBXFileReference; fileEncoding = 4; lastKnownFileType = sourcecode.swift; path = "Presenter+App.swift"; sourceTree = "<group>"; };
		F40E50A327D87EF000351BCA /* Presenter.swift */ = {isa = PBXFileReference; fileEncoding = 4; lastKnownFileType = sourcecode.swift; path = Presenter.swift; sourceTree = "<group>"; };
		F40E50A627D87EF000351BCA /* Navigation+Cache.swift */ = {isa = PBXFileReference; fileEncoding = 4; lastKnownFileType = sourcecode.swift; path = "Navigation+Cache.swift"; sourceTree = "<group>"; };
		F40E50A727D87EF000351BCA /* Navigation.swift */ = {isa = PBXFileReference; fileEncoding = 4; lastKnownFileType = sourcecode.swift; path = Navigation.swift; sourceTree = "<group>"; };
		F40E50A927D87EF000351BCA /* BarRowModel.swift */ = {isa = PBXFileReference; fileEncoding = 4; lastKnownFileType = sourcecode.swift; path = BarRowModel.swift; sourceTree = "<group>"; };
		F40E50AA27D87EF000351BCA /* BarSectionModel.swift */ = {isa = PBXFileReference; fileEncoding = 4; lastKnownFileType = sourcecode.swift; path = BarSectionModel.swift; sourceTree = "<group>"; };
		F40E50AB27D87EF000351BCA /* BarUsage.swift */ = {isa = PBXFileReference; fileEncoding = 4; lastKnownFileType = sourcecode.swift; path = BarUsage.swift; sourceTree = "<group>"; };
		F40E50AD27D87EF000351BCA /* Controllers.swift */ = {isa = PBXFileReference; fileEncoding = 4; lastKnownFileType = sourcecode.swift; path = Controllers.swift; sourceTree = "<group>"; };
		F40E50AE27D87EF000351BCA /* AlertService.swift */ = {isa = PBXFileReference; fileEncoding = 4; lastKnownFileType = sourcecode.swift; path = AlertService.swift; sourceTree = "<group>"; };
		F40E50B027D87EF000351BCA /* AudioService.swift */ = {isa = PBXFileReference; fileEncoding = 4; lastKnownFileType = sourcecode.swift; path = AudioService.swift; sourceTree = "<group>"; };
		F40E50B127D87EF000351BCA /* UserSettings.swift */ = {isa = PBXFileReference; fileEncoding = 4; lastKnownFileType = sourcecode.swift; path = UserSettings.swift; sourceTree = "<group>"; };
		F40E50B427D87EF100351BCA /* Layout.swift */ = {isa = PBXFileReference; fileEncoding = 4; lastKnownFileType = sourcecode.swift; path = Layout.swift; sourceTree = "<group>"; };
		F40E50B927D87EF100351BCA /* VerticalContentScrollController.swift */ = {isa = PBXFileReference; fileEncoding = 4; lastKnownFileType = sourcecode.swift; path = VerticalContentScrollController.swift; sourceTree = "<group>"; };
		F40E50BC27D87EF100351BCA /* RootSceneDelegate.swift */ = {isa = PBXFileReference; fileEncoding = 4; lastKnownFileType = sourcecode.swift; path = RootSceneDelegate.swift; sourceTree = "<group>"; };
		F40E50BD27D87EF100351BCA /* BaseSceneDelegate.swift */ = {isa = PBXFileReference; fileEncoding = 4; lastKnownFileType = sourcecode.swift; path = BaseSceneDelegate.swift; sourceTree = "<group>"; };
		F40E50BE27D87EF100351BCA /* SettingsSceneDelegate.swift */ = {isa = PBXFileReference; fileEncoding = 4; lastKnownFileType = sourcecode.swift; path = SettingsSceneDelegate.swift; sourceTree = "<group>"; };
		F40E50BF27D87EF100351BCA /* UISceneConfiguration+Scene.swift */ = {isa = PBXFileReference; fileEncoding = 4; lastKnownFileType = sourcecode.swift; path = "UISceneConfiguration+Scene.swift"; sourceTree = "<group>"; };
		F40E50C027D87EF100351BCA /* Notifications.swift */ = {isa = PBXFileReference; fileEncoding = 4; lastKnownFileType = sourcecode.swift; path = Notifications.swift; sourceTree = "<group>"; };
		F40E50C127D87EF100351BCA /* SceneUserActivity.swift */ = {isa = PBXFileReference; fileEncoding = 4; lastKnownFileType = sourcecode.swift; path = SceneUserActivity.swift; sourceTree = "<group>"; };
		F40E50C227D87EF100351BCA /* AppDelegate.swift */ = {isa = PBXFileReference; fileEncoding = 4; lastKnownFileType = sourcecode.swift; path = AppDelegate.swift; sourceTree = "<group>"; };
		F40E50C627D87EF100351BCA /* SettingsController.swift */ = {isa = PBXFileReference; fileEncoding = 4; lastKnownFileType = sourcecode.swift; path = SettingsController.swift; sourceTree = "<group>"; };
		F40E50D227D87EF100351BCA /* SideBarSplitController.swift */ = {isa = PBXFileReference; fileEncoding = 4; lastKnownFileType = sourcecode.swift; path = SideBarSplitController.swift; sourceTree = "<group>"; };
		F40E50D327D87EF100351BCA /* TabBarController.swift */ = {isa = PBXFileReference; fileEncoding = 4; lastKnownFileType = sourcecode.swift; path = TabBarController.swift; sourceTree = "<group>"; };
		F40E50D427D87EF100351BCA /* SidebarController.swift */ = {isa = PBXFileReference; fileEncoding = 4; lastKnownFileType = sourcecode.swift; path = SidebarController.swift; sourceTree = "<group>"; };
		F40E50F427D87EF100351BCA /* ViewHeaderDiffableItem.swift */ = {isa = PBXFileReference; fileEncoding = 4; lastKnownFileType = sourcecode.swift; path = ViewHeaderDiffableItem.swift; sourceTree = "<group>"; };
		F40E50F527D87EF100351BCA /* CellProvider+Views.swift */ = {isa = PBXFileReference; fileEncoding = 4; lastKnownFileType = sourcecode.swift; path = "CellProvider+Views.swift"; sourceTree = "<group>"; };
		F40E50F627D87EF100351BCA /* ViewsHomeController.swift */ = {isa = PBXFileReference; fileEncoding = 4; lastKnownFileType = sourcecode.swift; path = ViewsHomeController.swift; sourceTree = "<group>"; };
		F40E50F727D87EF100351BCA /* ViewHeaderTableCell.swift */ = {isa = PBXFileReference; fileEncoding = 4; lastKnownFileType = sourcecode.swift; path = ViewHeaderTableCell.swift; sourceTree = "<group>"; };
		F40E514027D87F3E00351BCA /* Media.xcassets */ = {isa = PBXFileReference; lastKnownFileType = folder.assetcatalog; path = Media.xcassets; sourceTree = "<group>"; };
		F40E514227D8822500351BCA /* LaunchScreen.storyboard */ = {isa = PBXFileReference; lastKnownFileType = file.storyboard; path = LaunchScreen.storyboard; sourceTree = "<group>"; };
		F40E514827D8823700351BCA /* en */ = {isa = PBXFileReference; lastKnownFileType = text.plist.strings; name = en; path = en.lproj/InfoPlist.strings; sourceTree = "<group>"; };
		F40E514D27D8824100351BCA /* en */ = {isa = PBXFileReference; lastKnownFileType = text.plist.strings; name = en; path = en.lproj/Localizable.strings; sourceTree = "<group>"; };
		F40E514F27D8833E00351BCA /* Entitlements.entitlements */ = {isa = PBXFileReference; lastKnownFileType = text.plist.entitlements; path = Entitlements.entitlements; sourceTree = "<group>"; };
		F43A8D2627E9B43A002446FC /* Models */ = {isa = PBXFileReference; lastKnownFileType = wrapper; path = Models; sourceTree = "<group>"; };
		F43A8D2727E9B43A002446FC /* Texts */ = {isa = PBXFileReference; lastKnownFileType = wrapper; path = Texts; sourceTree = "<group>"; };
		F43A8D2827E9B4E1002446FC /* Constants */ = {isa = PBXFileReference; lastKnownFileType = wrapper; path = Constants; sourceTree = "<group>"; };
		F43A8D2927E9B4E1002446FC /* ExtensionImport */ = {isa = PBXFileReference; lastKnownFileType = wrapper; path = ExtensionImport; sourceTree = "<group>"; };
		F43A8D2B27E9B638002446FC /* Logic */ = {isa = PBXFileReference; lastKnownFileType = wrapper; path = Logic; sourceTree = "<group>"; };
		F43A8D2C27E9B74C002446FC /* AppImport */ = {isa = PBXFileReference; lastKnownFileType = wrapper; path = AppImport; sourceTree = "<group>"; };
		F4FE3B2027E9BAF100E6E0CD /* GoogleService-Info.plist */ = {isa = PBXFileReference; fileEncoding = 4; lastKnownFileType = text.plist.xml; path = "GoogleService-Info.plist"; sourceTree = "<group>"; };
/* End PBXFileReference section */

/* Begin PBXFrameworksBuildPhase section */
		F40E507227D87B4300351BCA /* Frameworks */ = {
			isa = PBXFrameworksBuildPhase;
			buildActionMask = 2147483647;
			files = (
				F4A2E2EF27E9B911000B67EA /* AppImport in Frameworks */,
				F4A2E2F127E9B911000B67EA /* Logic in Frameworks */,
			);
			runOnlyForDeploymentPostprocessing = 0;
		};
/* End PBXFrameworksBuildPhase section */

/* Begin PBXGroup section */
		F40E506C27D87B4300351BCA = {
			isa = PBXGroup;
			children = (
				F43A8D2C27E9B74C002446FC /* AppImport */,
				F43A8D2B27E9B638002446FC /* Logic */,
				F43A8D2827E9B4E1002446FC /* Constants */,
				F43A8D2927E9B4E1002446FC /* ExtensionImport */,
				F43A8D2627E9B43A002446FC /* Models */,
				F43A8D2727E9B43A002446FC /* Texts */,
				F40E507727D87B4400351BCA /* iOS & macOS Apps */,
				F40E507627D87B4400351BCA /* Products */,
				F40E513D27D87F3100351BCA /* Frameworks */,
			);
			sourceTree = "<group>";
		};
		F40E507627D87B4400351BCA /* Products */ = {
			isa = PBXGroup;
			children = (
				F40E507527D87B4400351BCA /* Layout.app */,
			);
			name = Products;
			sourceTree = "<group>";
		};
		F40E507727D87B4400351BCA /* iOS & macOS Apps */ = {
			isa = PBXGroup;
			children = (
				F40E50BA27D87EF100351BCA /* App */,
				F40E509827D87EF000351BCA /* Data */,
				F40E509227D87EF000351BCA /* Extensions */,
				F40E50B227D87EF100351BCA /* Interface */,
				F40E509327D87EF000351BCA /* Models */,
				F40E509627D87EF000351BCA /* Resources */,
				F40E514427D8822900351BCA /* Localisations */,
				F40E50C327D87EF100351BCA /* Scenes */,
				F40E509F27D87EF000351BCA /* Services */,
			);
			path = "iOS & macOS Apps";
			sourceTree = "<group>";
		};
		F40E509227D87EF000351BCA /* Extensions */ = {
			isa = PBXGroup;
			children = (
			);
			path = Extensions;
			sourceTree = "<group>";
		};
		F40E509327D87EF000351BCA /* Models */ = {
			isa = PBXGroup;
			children = (
			);
			path = Models;
			sourceTree = "<group>";
		};
		F40E509627D87EF000351BCA /* Resources */ = {
			isa = PBXGroup;
			children = (
				F4FE3B2027E9BAF100E6E0CD /* GoogleService-Info.plist */,
				F40E514F27D8833E00351BCA /* Entitlements.entitlements */,
				F40E509727D87EF000351BCA /* Info.plist */,
				F40E514027D87F3E00351BCA /* Media.xcassets */,
				F40E514227D8822500351BCA /* LaunchScreen.storyboard */,
			);
			path = Resources;
			sourceTree = "<group>";
		};
		F40E509827D87EF000351BCA /* Data */ = {
			isa = PBXGroup;
			children = (
				F40E509927D87EF000351BCA /* FlagsExtension.swift */,
				F40E509A27D87EF000351BCA /* ConstantsExtension.swift */,
				F40E509B27D87EF000351BCA /* Texts */,
				F40E509E27D87EF000351BCA /* Images.swift */,
			);
			path = Data;
			sourceTree = "<group>";
		};
		F40E509B27D87EF000351BCA /* Texts */ = {
			isa = PBXGroup;
			children = (
				F40E509C27D87EF000351BCA /* Texts+App.swift */,
			);
			path = Texts;
			sourceTree = "<group>";
		};
		F40E509F27D87EF000351BCA /* Services */ = {
			isa = PBXGroup;
			children = (
				F40E50A027D87EF000351BCA /* Scenes */,
				F40E50AE27D87EF000351BCA /* AlertService.swift */,
				F40E50B027D87EF000351BCA /* AudioService.swift */,
				F40E50B127D87EF000351BCA /* UserSettings.swift */,
			);
			path = Services;
			sourceTree = "<group>";
		};
		F40E50A027D87EF000351BCA /* Scenes */ = {
			isa = PBXGroup;
			children = (
				F40E50A127D87EF000351BCA /* Presenter */,
				F40E50A527D87EF000351BCA /* Navigation */,
				F40E50AC27D87EF000351BCA /* Controllers */,
			);
			path = Scenes;
			sourceTree = "<group>";
		};
		F40E50A127D87EF000351BCA /* Presenter */ = {
			isa = PBXGroup;
			children = (
				F40E50A227D87EF000351BCA /* Presenter+App.swift */,
				F40E50A327D87EF000351BCA /* Presenter.swift */,
			);
			path = Presenter;
			sourceTree = "<group>";
		};
		F40E50A527D87EF000351BCA /* Navigation */ = {
			isa = PBXGroup;
			children = (
				F40E50A827D87EF000351BCA /* Models */,
				F40E50A727D87EF000351BCA /* Navigation.swift */,
				F40E50A627D87EF000351BCA /* Navigation+Cache.swift */,
			);
			path = Navigation;
			sourceTree = "<group>";
		};
		F40E50A827D87EF000351BCA /* Models */ = {
			isa = PBXGroup;
			children = (
				F40E50A927D87EF000351BCA /* BarRowModel.swift */,
				F40E50AA27D87EF000351BCA /* BarSectionModel.swift */,
				F40E50AB27D87EF000351BCA /* BarUsage.swift */,
			);
			path = Models;
			sourceTree = "<group>";
		};
		F40E50AC27D87EF000351BCA /* Controllers */ = {
			isa = PBXGroup;
			children = (
				F40E50AD27D87EF000351BCA /* Controllers.swift */,
			);
			path = Controllers;
			sourceTree = "<group>";
		};
		F40E50B227D87EF100351BCA /* Interface */ = {
			isa = PBXGroup;
			children = (
				F40E50B327D87EF100351BCA /* Layout */,
				F40E50B927D87EF100351BCA /* VerticalContentScrollController.swift */,
			);
			path = Interface;
			sourceTree = "<group>";
		};
		F40E50B327D87EF100351BCA /* Layout */ = {
			isa = PBXGroup;
			children = (
				F40E50B427D87EF100351BCA /* Layout.swift */,
			);
			path = Layout;
			sourceTree = "<group>";
		};
		F40E50BA27D87EF100351BCA /* App */ = {
			isa = PBXGroup;
			children = (
				F40E50BB27D87EF100351BCA /* Scenes */,
				F40E50BF27D87EF100351BCA /* UISceneConfiguration+Scene.swift */,
				F40E50C027D87EF100351BCA /* Notifications.swift */,
				F40E50C127D87EF100351BCA /* SceneUserActivity.swift */,
				F40E50C227D87EF100351BCA /* AppDelegate.swift */,
			);
			path = App;
			sourceTree = "<group>";
		};
		F40E50BB27D87EF100351BCA /* Scenes */ = {
			isa = PBXGroup;
			children = (
				F40E50BC27D87EF100351BCA /* RootSceneDelegate.swift */,
				F40E50BD27D87EF100351BCA /* BaseSceneDelegate.swift */,
				F40E50BE27D87EF100351BCA /* SettingsSceneDelegate.swift */,
			);
			path = Scenes;
			sourceTree = "<group>";
		};
		F40E50C327D87EF100351BCA /* Scenes */ = {
			isa = PBXGroup;
			children = (
				F40E50C427D87EF100351BCA /* App */,
				F40E50D127D87EF100351BCA /* Root */,
				F40E50F227D87EF100351BCA /* Views */,
			);
			path = Scenes;
			sourceTree = "<group>";
		};
		F40E50C427D87EF100351BCA /* App */ = {
			isa = PBXGroup;
			children = (
				F40E50C527D87EF100351BCA /* Settings */,
			);
			path = App;
			sourceTree = "<group>";
		};
		F40E50C527D87EF100351BCA /* Settings */ = {
			isa = PBXGroup;
			children = (
				F40E50C627D87EF100351BCA /* SettingsController.swift */,
			);
			path = Settings;
			sourceTree = "<group>";
		};
		F40E50D127D87EF100351BCA /* Root */ = {
			isa = PBXGroup;
			children = (
				F40E50D227D87EF100351BCA /* SideBarSplitController.swift */,
				F40E50D327D87EF100351BCA /* TabBarController.swift */,
				F40E50D427D87EF100351BCA /* SidebarController.swift */,
			);
			path = Root;
			sourceTree = "<group>";
		};
		F40E50F227D87EF100351BCA /* Views */ = {
			isa = PBXGroup;
			children = (
				F40E50F327D87EF100351BCA /* Diffable */,
				F40E50F627D87EF100351BCA /* ViewsHomeController.swift */,
				F40E50F727D87EF100351BCA /* ViewHeaderTableCell.swift */,
			);
			path = Views;
			sourceTree = "<group>";
		};
		F40E50F327D87EF100351BCA /* Diffable */ = {
			isa = PBXGroup;
			children = (
				F40E50F427D87EF100351BCA /* ViewHeaderDiffableItem.swift */,
				F40E50F527D87EF100351BCA /* CellProvider+Views.swift */,
			);
			path = Diffable;
			sourceTree = "<group>";
		};
		F40E513D27D87F3100351BCA /* Frameworks */ = {
			isa = PBXGroup;
			children = (
			);
			name = Frameworks;
			sourceTree = "<group>";
		};
		F40E514427D8822900351BCA /* Localisations */ = {
			isa = PBXGroup;
			children = (
				F40E514927D8823700351BCA /* InfoPlist.strings */,
				F40E514E27D8824100351BCA /* Localizable.strings */,
			);
			path = Localisations;
			sourceTree = "<group>";
		};
/* End PBXGroup section */

/* Begin PBXNativeTarget section */
		F40E507427D87B4300351BCA /* Layout */ = {
			isa = PBXNativeTarget;
			buildConfigurationList = F40E508927D87B4400351BCA /* Build configuration list for PBXNativeTarget "Layout" */;
			buildPhases = (
				F40E507127D87B4300351BCA /* Sources */,
				F40E507227D87B4300351BCA /* Frameworks */,
				F40E507327D87B4300351BCA /* Resources */,
			);
			buildRules = (
			);
			dependencies = (
			);
			name = Layout;
			packageProductDependencies = (
				F4A2E2EE27E9B911000B67EA /* AppImport */,
				F4A2E2F027E9B911000B67EA /* Logic */,
			);
			productName = "iOS & macOS Apps";
			productReference = F40E507527D87B4400351BCA /* Layout.app */;
			productType = "com.apple.product-type.application";
		};
/* End PBXNativeTarget section */

/* Begin PBXProject section */
		F40E506D27D87B4300351BCA /* Project object */ = {
			isa = PBXProject;
			attributes = {
				BuildIndependentTargetsInParallel = 1;
				LastSwiftUpdateCheck = 1320;
				LastUpgradeCheck = 1320;
				TargetAttributes = {
					F40E507427D87B4300351BCA = {
						CreatedOnToolsVersion = 13.2.1;
					};
				};
			};
			buildConfigurationList = F40E507027D87B4300351BCA /* Build configuration list for PBXProject "Layout" */;
			compatibilityVersion = "Xcode 13.0";
			developmentRegion = en;
			hasScannedForEncodings = 0;
			knownRegions = (
				en,
				Base,
			);
			mainGroup = F40E506C27D87B4300351BCA;
			productRefGroup = F40E507627D87B4400351BCA /* Products */;
			projectDirPath = "";
			projectRoot = "";
			targets = (
				F40E507427D87B4300351BCA /* Layout */,
			);
		};
/* End PBXProject section */

/* Begin PBXResourcesBuildPhase section */
		F40E507327D87B4300351BCA /* Resources */ = {
			isa = PBXResourcesBuildPhase;
			buildActionMask = 2147483647;
			files = (
				F40E514127D87F3E00351BCA /* Media.xcassets in Resources */,
				F40E514C27D8824100351BCA /* Localizable.strings in Resources */,
				F4FE3B2127E9BAF100E6E0CD /* GoogleService-Info.plist in Resources */,
				F40E514727D8823700351BCA /* InfoPlist.strings in Resources */,
				F40E514327D8822500351BCA /* LaunchScreen.storyboard in Resources */,
			);
			runOnlyForDeploymentPostprocessing = 0;
		};
/* End PBXResourcesBuildPhase section */

/* Begin PBXSourcesBuildPhase section */
		F40E507127D87B4300351BCA /* Sources */ = {
			isa = PBXSourcesBuildPhase;
			buildActionMask = 2147483647;
			files = (
				F40E511027D87EF100351BCA /* VerticalContentScrollController.swift in Sources */,
				F40E511527D87EF100351BCA /* Notifications.swift in Sources */,
				F40E510727D87EF100351BCA /* Controllers.swift in Sources */,
				F40E511327D87EF100351BCA /* SettingsSceneDelegate.swift in Sources */,
				F40E513C27D87EF100351BCA /* ViewHeaderTableCell.swift in Sources */,
				F40E510427D87EF100351BCA /* BarRowModel.swift in Sources */,
				F40E511827D87EF100351BCA /* SettingsController.swift in Sources */,
				F40E50FE27D87EF100351BCA /* Images.swift in Sources */,
				F40E510527D87EF100351BCA /* BarSectionModel.swift in Sources */,
				F40E510827D87EF100351BCA /* AlertService.swift in Sources */,
				F40E510327D87EF100351BCA /* Navigation.swift in Sources */,
				F40E512027D87EF100351BCA /* SideBarSplitController.swift in Sources */,
				F40E510027D87EF100351BCA /* Presenter.swift in Sources */,
				F40E510B27D87EF100351BCA /* UserSettings.swift in Sources */,
				F40E50FF27D87EF100351BCA /* Presenter+App.swift in Sources */,
				F40E513A27D87EF100351BCA /* CellProvider+Views.swift in Sources */,
				F40E50FA27D87EF100351BCA /* FlagsExtension.swift in Sources */,
				F40E50FC27D87EF100351BCA /* Texts+App.swift in Sources */,
				F40E512127D87EF100351BCA /* TabBarController.swift in Sources */,
				F40E511627D87EF100351BCA /* SceneUserActivity.swift in Sources */,
				F40E513927D87EF100351BCA /* ViewHeaderDiffableItem.swift in Sources */,
				F40E510A27D87EF100351BCA /* AudioService.swift in Sources */,
				F40E513B27D87EF100351BCA /* ViewsHomeController.swift in Sources */,
				F40E511727D87EF100351BCA /* AppDelegate.swift in Sources */,
				F40E511127D87EF100351BCA /* RootSceneDelegate.swift in Sources */,
				F40E510227D87EF100351BCA /* Navigation+Cache.swift in Sources */,
				F40E512227D87EF100351BCA /* SidebarController.swift in Sources */,
				F40E510C27D87EF100351BCA /* Layout.swift in Sources */,
				F40E511427D87EF100351BCA /* UISceneConfiguration+Scene.swift in Sources */,
				F40E50FB27D87EF100351BCA /* ConstantsExtension.swift in Sources */,
				F40E511227D87EF100351BCA /* BaseSceneDelegate.swift in Sources */,
				F40E510627D87EF100351BCA /* BarUsage.swift in Sources */,
			);
			runOnlyForDeploymentPostprocessing = 0;
		};
/* End PBXSourcesBuildPhase section */

/* Begin PBXVariantGroup section */
		F40E514927D8823700351BCA /* InfoPlist.strings */ = {
			isa = PBXVariantGroup;
			children = (
				F40E514827D8823700351BCA /* en */,
			);
			name = InfoPlist.strings;
			sourceTree = "<group>";
		};
		F40E514E27D8824100351BCA /* Localizable.strings */ = {
			isa = PBXVariantGroup;
			children = (
				F40E514D27D8824100351BCA /* en */,
			);
			name = Localizable.strings;
			sourceTree = "<group>";
		};
/* End PBXVariantGroup section */

/* Begin XCBuildConfiguration section */
		F40E508727D87B4400351BCA /* Debug */ = {
			isa = XCBuildConfiguration;
			buildSettings = {
				ALWAYS_SEARCH_USER_PATHS = NO;
				CLANG_ANALYZER_NONNULL = YES;
				CLANG_ANALYZER_NUMBER_OBJECT_CONVERSION = YES_AGGRESSIVE;
				CLANG_CXX_LANGUAGE_STANDARD = "gnu++17";
				CLANG_CXX_LIBRARY = "libc++";
				CLANG_ENABLE_MODULES = YES;
				CLANG_ENABLE_OBJC_ARC = YES;
				CLANG_ENABLE_OBJC_WEAK = YES;
				CLANG_WARN_BLOCK_CAPTURE_AUTORELEASING = YES;
				CLANG_WARN_BOOL_CONVERSION = YES;
				CLANG_WARN_COMMA = YES;
				CLANG_WARN_CONSTANT_CONVERSION = YES;
				CLANG_WARN_DEPRECATED_OBJC_IMPLEMENTATIONS = YES;
				CLANG_WARN_DIRECT_OBJC_ISA_USAGE = YES_ERROR;
				CLANG_WARN_DOCUMENTATION_COMMENTS = YES;
				CLANG_WARN_EMPTY_BODY = YES;
				CLANG_WARN_ENUM_CONVERSION = YES;
				CLANG_WARN_INFINITE_RECURSION = YES;
				CLANG_WARN_INT_CONVERSION = YES;
				CLANG_WARN_NON_LITERAL_NULL_CONVERSION = YES;
				CLANG_WARN_OBJC_IMPLICIT_RETAIN_SELF = YES;
				CLANG_WARN_OBJC_LITERAL_CONVERSION = YES;
				CLANG_WARN_OBJC_ROOT_CLASS = YES_ERROR;
				CLANG_WARN_QUOTED_INCLUDE_IN_FRAMEWORK_HEADER = YES;
				CLANG_WARN_RANGE_LOOP_ANALYSIS = YES;
				CLANG_WARN_STRICT_PROTOTYPES = YES;
				CLANG_WARN_SUSPICIOUS_MOVE = YES;
				CLANG_WARN_UNGUARDED_AVAILABILITY = YES_AGGRESSIVE;
				CLANG_WARN_UNREACHABLE_CODE = YES;
				CLANG_WARN__DUPLICATE_METHOD_MATCH = YES;
				COPY_PHASE_STRIP = NO;
				DEBUG_INFORMATION_FORMAT = dwarf;
				ENABLE_STRICT_OBJC_MSGSEND = YES;
				ENABLE_TESTABILITY = YES;
				GCC_C_LANGUAGE_STANDARD = gnu11;
				GCC_DYNAMIC_NO_PIC = NO;
				GCC_NO_COMMON_BLOCKS = YES;
				GCC_OPTIMIZATION_LEVEL = 0;
				GCC_PREPROCESSOR_DEFINITIONS = (
					"DEBUG=1",
					"$(inherited)",
				);
				GCC_WARN_64_TO_32_BIT_CONVERSION = YES;
				GCC_WARN_ABOUT_RETURN_TYPE = YES_ERROR;
				GCC_WARN_UNDECLARED_SELECTOR = YES;
				GCC_WARN_UNINITIALIZED_AUTOS = YES_AGGRESSIVE;
				GCC_WARN_UNUSED_FUNCTION = YES;
				GCC_WARN_UNUSED_VARIABLE = YES;
				IPHONEOS_DEPLOYMENT_TARGET = 15.2;
				MTL_ENABLE_DEBUG_INFO = INCLUDE_SOURCE;
				MTL_FAST_MATH = YES;
				ONLY_ACTIVE_ARCH = YES;
				SDKROOT = iphoneos;
				SWIFT_ACTIVE_COMPILATION_CONDITIONS = DEBUG;
				SWIFT_OPTIMIZATION_LEVEL = "-Onone";
			};
			name = Debug;
		};
		F40E508827D87B4400351BCA /* Release */ = {
			isa = XCBuildConfiguration;
			buildSettings = {
				ALWAYS_SEARCH_USER_PATHS = NO;
				CLANG_ANALYZER_NONNULL = YES;
				CLANG_ANALYZER_NUMBER_OBJECT_CONVERSION = YES_AGGRESSIVE;
				CLANG_CXX_LANGUAGE_STANDARD = "gnu++17";
				CLANG_CXX_LIBRARY = "libc++";
				CLANG_ENABLE_MODULES = YES;
				CLANG_ENABLE_OBJC_ARC = YES;
				CLANG_ENABLE_OBJC_WEAK = YES;
				CLANG_WARN_BLOCK_CAPTURE_AUTORELEASING = YES;
				CLANG_WARN_BOOL_CONVERSION = YES;
				CLANG_WARN_COMMA = YES;
				CLANG_WARN_CONSTANT_CONVERSION = YES;
				CLANG_WARN_DEPRECATED_OBJC_IMPLEMENTATIONS = YES;
				CLANG_WARN_DIRECT_OBJC_ISA_USAGE = YES_ERROR;
				CLANG_WARN_DOCUMENTATION_COMMENTS = YES;
				CLANG_WARN_EMPTY_BODY = YES;
				CLANG_WARN_ENUM_CONVERSION = YES;
				CLANG_WARN_INFINITE_RECURSION = YES;
				CLANG_WARN_INT_CONVERSION = YES;
				CLANG_WARN_NON_LITERAL_NULL_CONVERSION = YES;
				CLANG_WARN_OBJC_IMPLICIT_RETAIN_SELF = YES;
				CLANG_WARN_OBJC_LITERAL_CONVERSION = YES;
				CLANG_WARN_OBJC_ROOT_CLASS = YES_ERROR;
				CLANG_WARN_QUOTED_INCLUDE_IN_FRAMEWORK_HEADER = YES;
				CLANG_WARN_RANGE_LOOP_ANALYSIS = YES;
				CLANG_WARN_STRICT_PROTOTYPES = YES;
				CLANG_WARN_SUSPICIOUS_MOVE = YES;
				CLANG_WARN_UNGUARDED_AVAILABILITY = YES_AGGRESSIVE;
				CLANG_WARN_UNREACHABLE_CODE = YES;
				CLANG_WARN__DUPLICATE_METHOD_MATCH = YES;
				COPY_PHASE_STRIP = NO;
				DEBUG_INFORMATION_FORMAT = "dwarf-with-dsym";
				ENABLE_NS_ASSERTIONS = NO;
				ENABLE_STRICT_OBJC_MSGSEND = YES;
				GCC_C_LANGUAGE_STANDARD = gnu11;
				GCC_NO_COMMON_BLOCKS = YES;
				GCC_WARN_64_TO_32_BIT_CONVERSION = YES;
				GCC_WARN_ABOUT_RETURN_TYPE = YES_ERROR;
				GCC_WARN_UNDECLARED_SELECTOR = YES;
				GCC_WARN_UNINITIALIZED_AUTOS = YES_AGGRESSIVE;
				GCC_WARN_UNUSED_FUNCTION = YES;
				GCC_WARN_UNUSED_VARIABLE = YES;
				IPHONEOS_DEPLOYMENT_TARGET = 15.2;
				MTL_ENABLE_DEBUG_INFO = NO;
				MTL_FAST_MATH = YES;
				SDKROOT = iphoneos;
				SWIFT_COMPILATION_MODE = wholemodule;
				SWIFT_OPTIMIZATION_LEVEL = "-O";
				VALIDATE_PRODUCT = YES;
			};
			name = Release;
		};
		F40E508A27D87B4400351BCA /* Debug */ = {
			isa = XCBuildConfiguration;
			buildSettings = {
				ASSETCATALOG_COMPILER_APPICON_NAME = AppIcon;
				ASSETCATALOG_COMPILER_GLOBAL_ACCENT_COLOR_NAME = "";
				CODE_SIGN_ENTITLEMENTS = "iOS & macOS Apps/Resources/Entitlements.entitlements";
				CODE_SIGN_STYLE = Automatic;
				CURRENT_PROJECT_VERSION = 1;
				DEVELOPMENT_TEAM = 5KKK9SKF79;
				GENERATE_INFOPLIST_FILE = YES;
				INFOPLIST_FILE = "iOS & macOS Apps/Resources/Info.plist";
				INFOPLIST_KEY_UIApplicationSupportsIndirectInputEvents = YES;
				INFOPLIST_KEY_UILaunchStoryboardName = LaunchScreen;
				INFOPLIST_KEY_UISupportedInterfaceOrientations = "UIInterfaceOrientationPortrait UIInterfaceOrientationLandscapeLeft UIInterfaceOrientationLandscapeRight";
				INFOPLIST_KEY_UISupportedInterfaceOrientations_iPad = "UIInterfaceOrientationPortrait UIInterfaceOrientationPortraitUpsideDown UIInterfaceOrientationLandscapeLeft UIInterfaceOrientationLandscapeRight";
				INFOPLIST_KEY_UISupportedInterfaceOrientations_iPhone = "UIInterfaceOrientationPortrait UIInterfaceOrientationLandscapeLeft UIInterfaceOrientationLandscapeRight";
				LD_RUNPATH_SEARCH_PATHS = (
					"$(inherited)",
					"@executable_path/Frameworks",
				);
				MARKETING_VERSION = 1.0;
				PRODUCT_BUNDLE_IDENTIFIER = by.ivanvorobei.apps.sparrowcode;
				PRODUCT_NAME = "$(TARGET_NAME)";
				SWIFT_EMIT_LOC_STRINGS = YES;
				SWIFT_VERSION = 5.0;
				TARGETED_DEVICE_FAMILY = "1,2";
			};
			name = Debug;
		};
		F40E508B27D87B4400351BCA /* Release */ = {
			isa = XCBuildConfiguration;
			buildSettings = {
				ASSETCATALOG_COMPILER_APPICON_NAME = AppIcon;
				ASSETCATALOG_COMPILER_GLOBAL_ACCENT_COLOR_NAME = "";
				CODE_SIGN_ENTITLEMENTS = "iOS & macOS Apps/Resources/Entitlements.entitlements";
				CODE_SIGN_STYLE = Automatic;
				CURRENT_PROJECT_VERSION = 1;
				DEVELOPMENT_TEAM = 5KKK9SKF79;
				GENERATE_INFOPLIST_FILE = YES;
				INFOPLIST_FILE = "iOS & macOS Apps/Resources/Info.plist";
				INFOPLIST_KEY_UIApplicationSupportsIndirectInputEvents = YES;
				INFOPLIST_KEY_UILaunchStoryboardName = LaunchScreen;
				INFOPLIST_KEY_UISupportedInterfaceOrientations = "UIInterfaceOrientationPortrait UIInterfaceOrientationLandscapeLeft UIInterfaceOrientationLandscapeRight";
				INFOPLIST_KEY_UISupportedInterfaceOrientations_iPad = "UIInterfaceOrientationPortrait UIInterfaceOrientationPortraitUpsideDown UIInterfaceOrientationLandscapeLeft UIInterfaceOrientationLandscapeRight";
				INFOPLIST_KEY_UISupportedInterfaceOrientations_iPhone = "UIInterfaceOrientationPortrait UIInterfaceOrientationLandscapeLeft UIInterfaceOrientationLandscapeRight";
				LD_RUNPATH_SEARCH_PATHS = (
					"$(inherited)",
					"@executable_path/Frameworks",
				);
				MARKETING_VERSION = 1.0;
				PRODUCT_BUNDLE_IDENTIFIER = by.ivanvorobei.apps.sparrowcode;
				PRODUCT_NAME = "$(TARGET_NAME)";
				SWIFT_EMIT_LOC_STRINGS = YES;
				SWIFT_VERSION = 5.0;
				TARGETED_DEVICE_FAMILY = "1,2";
			};
			name = Release;
		};
/* End XCBuildConfiguration section */

/* Begin XCConfigurationList section */
		F40E507027D87B4300351BCA /* Build configuration list for PBXProject "Layout" */ = {
			isa = XCConfigurationList;
			buildConfigurations = (
				F40E508727D87B4400351BCA /* Debug */,
				F40E508827D87B4400351BCA /* Release */,
			);
			defaultConfigurationIsVisible = 0;
			defaultConfigurationName = Release;
		};
		F40E508927D87B4400351BCA /* Build configuration list for PBXNativeTarget "Layout" */ = {
			isa = XCConfigurationList;
			buildConfigurations = (
				F40E508A27D87B4400351BCA /* Debug */,
				F40E508B27D87B4400351BCA /* Release */,
			);
			defaultConfigurationIsVisible = 0;
			defaultConfigurationName = Release;
		};
/* End XCConfigurationList section */

/* Begin XCSwiftPackageProductDependency section */
		F4A2E2EE27E9B911000B67EA /* AppImport */ = {
			isa = XCSwiftPackageProductDependency;
			productName = AppImport;
		};
		F4A2E2F027E9B911000B67EA /* Logic */ = {
			isa = XCSwiftPackageProductDependency;
			productName = Logic;
		};
/* End XCSwiftPackageProductDependency section */
	};
	rootObject = F40E506D27D87B4300351BCA /* Project object */;
}
